
Microsoft Visual Studio Solution File, Format Version 12.00
# Visual Studio Version 16
VisualStudioVersion = 16.0.30804.86
MinimumVisualStudioVersion = 10.0.40219.1
Project("{9A19103F-16F7-4668-BE54-9A1E7A4F7556}") = "quewaner.Layui.Web", "quewaner.Layui.Web\quewaner.Layui.Web.csproj", "{93288332-8C44-4355-8EB8-DE2EE7B2C824}"
EndProject
Global
	GlobalSection(SolutionConfigurationPlatforms) = preSolution
		Debug|Any CPU = Debug|Any CPU
		Release|Any CPU = Release|Any CPU
	EndGlobalSection
	GlobalSection(ProjectConfigurationPlatforms) = postSolution
		{93288332-8C44-4355-8EB8-DE2EE7B2C824}.Debug|Any CPU.ActiveCfg = Debug|Any CPU
		{93288332-8C44-4355-8EB8-DE2EE7B2C824}.Debug|Any CPU.Build.0 = Debug|Any CPU
		{93288332-8C44-4355-8EB8-DE2EE7B2C824}.Release|Any CPU.ActiveCfg = Release|Any CPU
		{93288332-8C44-4355-8EB8-DE2EE7B2C824}.Release|Any CPU.Build.0 = Release|Any CPU
	EndGlobalSection
	GlobalSection(SolutionProperties) = preSolution
		HideSolutionNode = FALSE
	EndGlobalSection
	GlobalSection(ExtensibilityGlobals) = postSolution
		SolutionGuid = {A2D798D0-6C63-43D9-90BF-752499E82BB8}
	EndGlobalSection
EndGlobal
